hash: 9809f6e1b826ea6192b53d9a26f82d93f1f1bb6af61c3a33bebe25c07239072b
updated: 2016-03-02T12:59:40.305971931-08:00
imports:
- name: github.com/gobwas/glob
  version: a3f5513f64fe4307f2c71ea06b25f6154eb9dc5f
- name: github.com/kalafut/imohash
  version: 1933ea10a07caf46d9602fa82e31fcd5a1a278ab
- name: github.com/mattn/go-sqlite3
  version: 45f056ca8f5ef4ee3f68796167a0a0e6a6214813
- name: github.com/spaolacci/murmur3
  version: 0d12bf811670bf6a1a63828dfbd003eded177fce
devImports: []
